
Microsoft Visual Studio Solution File, Format Version 12.00
# Visual Studio Version 17
VisualStudioVersion = 17.9.34701.34
MinimumVisualStudioVersion = 10.0.40219.1
Project("{FAE04EC0-301F-11D3-BF4B-00C04F79EFBC}") = "PracticaProfesionalJoselinM01", "PracticaProfesionalJoselinM01\PracticaProfesionalJoselinM01.csproj", "{CE40BB94-5394-4A01-AF39-FB560DB98F6C}"
	ProjectSection(ProjectDependencies) = postProject
		{6729D556-E235-4B90-B044-2A2336B794F5} = {6729D556-E235-4B90-B044-2A2336B794F5}
	EndProjectSection
EndProject
Project("{FAE04EC0-301F-11D3-BF4B-00C04F79EFBC}") = "Logica", "Logica\Logica.csproj", "{6729D556-E235-4B90-B044-2A2336B794F5}"
EndProject
Global
	GlobalSection(SolutionConfigurationPlatforms) = preSolution
		Debug|Any CPU = Debug|Any CPU
		Release|Any CPU = Release|Any CPU
	EndGlobalSection
	GlobalSection(ProjectConfigurationPlatforms) = postSolution
		{CE40BB94-5394-4A01-AF39-FB560DB98F6C}.Debug|Any CPU.ActiveCfg = Debug|Any CPU
		{CE40BB94-5394-4A01-AF39-FB560DB98F6C}.Debug|Any CPU.Build.0 = Debug|Any CPU
		{CE40BB94-5394-4A01-AF39-FB560DB98F6C}.Release|Any CPU.ActiveCfg = Release|Any CPU
		{CE40BB94-5394-4A01-AF39-FB560DB98F6C}.Release|Any CPU.Build.0 = Release|Any CPU
		{6729D556-E235-4B90-B044-2A2336B794F5}.Debug|Any CPU.ActiveCfg = Debug|Any CPU
		{6729D556-E235-4B90-B044-2A2336B794F5}.Debug|Any CPU.Build.0 = Debug|Any CPU
		{6729D556-E235-4B90-B044-2A2336B794F5}.Release|Any CPU.ActiveCfg = Release|Any CPU
		{6729D556-E235-4B90-B044-2A2336B794F5}.Release|Any CPU.Build.0 = Release|Any CPU
	EndGlobalSection
	GlobalSection(SolutionProperties) = preSolution
		HideSolutionNode = FALSE
	EndGlobalSection
	GlobalSection(ExtensibilityGlobals) = postSolution
		SolutionGuid = {BF28DE1B-9AFB-434B-BC6E-08EE904F0705}
	EndGlobalSection
EndGlobal
